
Microsoft Visual Studio Solution File, Format Version 12.00
# Visual Studio Version 16
VisualStudioVersion = 16.0.31911.196
MinimumVisualStudioVersion = 10.0.40219.1
Project("{FAE04EC0-301F-11D3-BF4B-00C04F79EFBC}") = "Koleksiyonlar-Soru-2", "Koleksiyonlar-Soru-2\Koleksiyonlar-Soru-2.csproj", "{CE1E25B8-D7D8-49C9-A5E2-E2AB6F8AC40A}"
EndProject
Global
	GlobalSection(SolutionConfigurationPlatforms) = preSolution
		Debug|Any CPU = Debug|Any CPU
		Release|Any CPU = Release|Any CPU
	EndGlobalSection
	GlobalSection(ProjectConfigurationPlatforms) = postSolution
		{CE1E25B8-D7D8-49C9-A5E2-E2AB6F8AC40A}.Debug|Any CPU.ActiveCfg = Debug|Any CPU
		{CE1E25B8-D7D8-49C9-A5E2-E2AB6F8AC40A}.Debug|Any CPU.Build.0 = Debug|Any CPU
		{CE1E25B8-D7D8-49C9-A5E2-E2AB6F8AC40A}.Release|Any CPU.ActiveCfg = Release|Any CPU
		{CE1E25B8-D7D8-49C9-A5E2-E2AB6F8AC40A}.Release|Any CPU.Build.0 = Release|Any CPU
	EndGlobalSection
	GlobalSection(SolutionProperties) = preSolution
		HideSolutionNode = FALSE
	EndGlobalSection
	GlobalSection(ExtensibilityGlobals) = postSolution
		SolutionGuid = {F89BBD4F-D779-4E82-A1A4-00880EE7F6B4}
	EndGlobalSection
EndGlobal
